--- 
dependencies: 
  ruby-debug: 
    group: 
    - :development
    - :test
    version: ">= 0"
  bson_ext: 
    group: 
    - :default
    version: ">= 1.0"
  viewfu: 
    group: 
    - :default
    version: ">= 1.0.1"
  compass: 
    group: 
    - :default
    version: ">= 0.10.0.rc1"
  rails: 
    group: 
    - :default
    version: ">= 0"
  mongrel: 
    group: 
    - :development
    - :test
    version: ">= 0"
  haml: 
    group: 
    - :default
    version: ">= 0"
  database_cleaner: 
    group: 
    - :test
    version: ">= 0"
  rspec-rails: 
    group: 
    - :test
    version: ">= 2.0.0.beta"
  better_partials: 
    group: 
    - :default
    version: ">= 1.0.1"
  factory_girl: 
    group: 
    - :test
    version: ">= 0"
    require: []

  devise: 
    group: 
    - :default
    version: ">= 0"
  cucumber-rails: 
    group: 
    - :test
    version: ">= 0"
  mongoid: 
    group: 
    - :default
    version: ">= 0"
  capybara: 
    group: 
    - :test
    version: ">= 0"
specs: 
- rake: 
    version: 0.8.7
- abstract: 
    version: 1.0.0
- activesupport: 
    version: 3.0.0.beta3
    source: 2
- builder: 
    version: 2.1.2
- i18n: 
    version: 0.4.1
- activemodel: 
    version: 3.0.0.beta3
    source: 2
- erubis: 
    version: 2.6.5
- rack: 
    version: 1.1.0
- rack-mount: 
    version: 0.6.3
- rack-test: 
    version: 0.5.4
- tzinfo: 
    version: 0.3.22
- actionpack: 
    version: 3.0.0.beta3
    source: 2
- mime-types: 
    version: "1.16"
- polyglot: 
    version: 0.3.1
- treetop: 
    version: 1.4.8
- mail: 
    version: 2.2.2
- actionmailer: 
    version: 3.0.0.beta3
    source: 2
- arel: 
    version: 0.3.3
- activerecord: 
    version: 3.0.0.beta3
    source: 2
- activeresource: 
    version: 3.0.0.beta3
    source: 2
- better_partials: 
    version: 1.0.1
- bson: 
    version: 1.0.2
- bson_ext: 
    version: 1.0.1
- bundler: 
    version: 0.9.25
- culerity: 
    version: 0.2.10
- nokogiri: 
    version: 1.4.2
- ffi: 
    version: 0.6.3
- json_pure: 
    version: 1.4.3
- selenium-webdriver: 
    version: 0.0.20
- capybara: 
    version: 0.3.8
- columnize: 
    version: 0.3.1
- haml: 
    version: 3.0.10
- compass: 
    version: 0.10.2
- diff-lcs: 
    version: 1.1.2
- trollop: 
    version: 1.16.2
- gherkin: 
    version: 1.0.30
- term-ansicolor: 
    version: 1.0.5
- cucumber: 
    version: 0.8.0
- cucumber-rails: 
    version: 0.3.2
- database_cleaner: 
    version: 0.5.2
- warden: 
    version: 0.10.7
- devise: 
    version: 1.1.rc1
    source: 0
- factory_girl: 
    version: 1.2.4
- gem_plugin: 
    version: 0.2.3
- linecache: 
    version: "0.43"
- mongo: 
    version: 1.0.2
- will_paginate: 
    version: 3.0.pre
- mongoid: 
    version: 2.0.0.beta6
    source: 1
- mongrel: 
    version: 1.1.6
- thor: 
    version: 0.13.6
- railties: 
    version: 3.0.0.beta3
    source: 2
- rails: 
    version: 3.0.0.beta3
    source: 2
- rspec-core: 
    version: 2.0.0.beta.11
- rspec-expectations: 
    version: 2.0.0.beta.11
- rspec-mocks: 
    version: 2.0.0.beta.11
- rspec: 
    version: 2.0.0.beta.11
- webrat: 
    version: 0.7.1
- rspec-rails: 
    version: 2.0.0.beta.11
- ruby-debug-base: 
    version: 0.10.3
- ruby-debug: 
    version: 0.10.3
- viewfu: 
    version: 1.0.1
hash: 9743b9c8175baa038d0e6ed4722797d81b98f959
sources: 
- Git: 
    uri: git://github.com/plataformatec/devise.git
    git: git://github.com/plataformatec/devise.git
    ref: f0c0f5f11b115df0dbe64a267ada4d92c9d028fa
- Git: 
    uri: git://github.com/durran/mongoid.git
    git: git://github.com/durran/mongoid.git
    ref: acd7665fd0aeba6f5e9fb067b24264a2a48224a5
- Git: 
    uri: git://github.com/rails/rails.git
    git: git://github.com/rails/rails.git
    ref: 981f81275be8e0f38a35c397b41a209b0e14973c
- Rubygems: 
    uri: http://gemcutter.org
