--- 
dependencies: 
  hassle: 
    group: 
    - :production
    version: ">= 0"
  ruby-debug: 
    group: 
    - :test
    version: ">= 0"
  bson_ext: 
    group: 
    - :default
    version: ">= 1.0"
  viewfu: 
    group: 
    - :default
    version: ">= 1.0.1"
  compass: 
    group: 
    - :default
    version: ">= 0.10.0.rc1"
  rails: 
    group: 
    - :default
    version: ">= 0"
  mongrel: 
    group: 
    - :development
    - :test
    version: ">= 0"
  haml: 
    group: 
    - :default
    version: ">= 0"
  database_cleaner: 
    group: 
    - :test
    version: ">= 0"
  better_partials: 
    group: 
    - :default
    version: ">= 1.0.1"
  rspec-rails: 
    group: 
    - :test
    version: ">= 2.0.0.beta"
  factory_girl: 
    group: 
    - :test
    version: ">= 0"
    require: []

  devise: 
    group: 
    - :default
    version: ">= 0"
  cucumber-rails: 
    group: 
    - :test
    version: ">= 0"
  mongoid: 
    group: 
    - :default
    version: ">= 0"
  capybara: 
    group: 
    - :test
    version: ">= 0"
specs: 
- rake: 
    version: 0.8.7
- abstract: 
    version: 1.0.0
- builder: 
    version: 2.1.2
- i18n: 
    version: 0.4.0.beta1
- memcache-client: 
    version: 1.8.3
- tzinfo: 
    version: 0.3.20
- activesupport: 
    version: 3.0.0.beta3
    source: 2
- activemodel: 
    version: 3.0.0.beta3
    source: 2
- erubis: 
    version: 2.6.5
- rack: 
    version: 1.1.0
- rack-mount: 
    version: 0.6.3
- rack-test: 
    version: 0.5.3
- actionpack: 
    version: 3.0.0.beta3
    source: 2
- mime-types: 
    version: "1.16"
- polyglot: 
    version: 0.3.1
- treetop: 
    version: 1.4.5
- mail: 
    version: 2.2.1
- text-hyphen: 
    version: 1.0.0
- text-format: 
    version: 1.0.0
- actionmailer: 
    version: 3.0.0.beta3
    source: 2
- arel: 
    version: 0.3.3
- activerecord: 
    version: 3.0.0.beta3
    source: 2
- activeresource: 
    version: 3.0.0.beta3
    source: 2
- better_partials: 
    version: 1.0.1
- bson: 
    version: 1.0.1
- bson_ext: 
    version: 1.0.1
- bundler: 
    version: 0.9.25
- culerity: 
    version: 0.2.10
- nokogiri: 
    version: 1.4.2
- ffi: 
    version: 0.6.3
- json_pure: 
    version: 1.4.3
- selenium-webdriver: 
    version: 0.0.18
- capybara: 
    version: 0.3.8
- columnize: 
    version: 0.3.1
- haml: 
    version: 3.0.6
- compass: 
    version: 0.10.1
- diff-lcs: 
    version: 1.1.2
- trollop: 
    version: 1.16.2
- gherkin: 
    version: 1.0.30
- term-ansicolor: 
    version: 1.0.5
- cucumber: 
    version: 0.7.3
- cucumber-rails: 
    version: 0.3.1
- database_cleaner: 
    version: 0.5.2
- warden: 
    version: 0.10.5
- devise: 
    version: 1.1.rc1
    source: 0
- factory_girl: 
    version: 1.2.4
- gem_plugin: 
    version: 0.2.3
- hassle: 
    version: 0.0.1
- linecache: 
    version: "0.43"
- mongo: 
    version: 1.0.1
- will_paginate: 
    version: 3.0.pre
- mongoid: 
    version: 2.0.0.beta6
    source: 1
- mongrel: 
    version: 1.1.6
- thor: 
    version: 0.13.6
- railties: 
    version: 3.0.0.beta3
    source: 2
- rails: 
    version: 3.0.0.beta3
    source: 2
- rspec-core: 
    version: 2.0.0.beta.8
- rspec-expectations: 
    version: 2.0.0.beta.8
- rspec-mocks: 
    version: 2.0.0.beta.8
- rspec: 
    version: 2.0.0.beta.8
- webrat: 
    version: 0.7.1
- rspec-rails: 
    version: 2.0.0.beta.8
- ruby-debug-base: 
    version: 0.10.3
- ruby-debug: 
    version: 0.10.3
- viewfu: 
    version: 1.0.1
hash: cd40105565f01f06e01b52c3087d00c4200c161b
sources: 
- Git: 
    uri: git://github.com/plataformatec/devise.git
    git: git://github.com/plataformatec/devise.git
    ref: 7dc1842cc43df4b5c79b8dec8e9e605743a46d1d
- Git: 
    uri: git://github.com/durran/mongoid.git
    git: git://github.com/durran/mongoid.git
    ref: 0a40d864708ce9607bc9adf33fc99b3a154addab
- Git: 
    uri: git://github.com/rails/rails.git
    git: git://github.com/rails/rails.git
    ref: e3549a80549326049222c0916926a906d2638490
- Rubygems: 
    uri: http://gemcutter.org
